{
  "originHash": "6c32e6ee0ace481efb5fa4376be000e2be71b9657c55f83bb21d63acd352135c",
  "pins": [
    {
      "identity": "llm.swift",
      "kind": "remoteSourceControl",
      "location": "https://github.com/anjan-poudel/LLM.swift",
      "state": {
        "branch": "llm-safety",
        "revision": "40e56d4a12f735504aa51db0d3783b68790f2323"
      }
    },
    {
      "identity": "swiftwhisper",
      "kind": "remoteSourceControl",
      "location": "https://github.com/anjan-poudel/SwiftWhisper",
      "state": {
        "branch": "metal-experiment",
        "revision": "f2bc42b4b8689dc9f698b238e61227f7bf43351c"
      }
    }
  ],
  "version": 3
}