{
  "originHash" : "89b7b7cf1739a9df6f7842d5168895b1234931d2bad66ff34c8642f458cb6e18",
  "pins" : [
    {
      "identity" : "llm.swift",
      "kind" : "remoteSourceControl",
      "location" : "https://github.com/eastriverlee/LLM.swift",
      "state" : {
        "branch" : "main",
        "revision" : "1d42188d5238ce4b9d25958f5444713b83d5e045"
      }
    },
    {
      "identity" : "swift-syntax",
      "kind" : "remoteSourceControl",
      "location" : "https://github.com/apple/swift-syntax.git",
      "state" : {
        "revision" : "4799286537280063c85a32f09884cfbca301b1a1",
        "version" : "602.0.0"
      }
    },
    {
      "identity" : "swiftwhisper",
      "kind" : "remoteSourceControl",
      "location" : "https://github.com/anjan-poudel/SwiftWhisper",
      "state" : {
        "branch" : "n-mels-fix",
        "revision" : "5551bf22f697863068021d0ea0ea0245dd9cd18e"
      }
    }
  ],
  "version" : 3
}
